// !$*UTF8*$!
{
	archiveVersion = 1;
	classes = {
	};
	objectVersion = 77;
	objects = {

/* Begin PBXBuildFile section */
		0650D16EAC442F9C4773B0B6 /* HapticEngine.swift in Sources */ = {isa = PBXBuildFile; fileRef = 1BD7296EAD5B9D6D07E58837 /* HapticEngine.swift */; };
		06CDDBBCB041D198DA7E975F /* WatchConnectivityModels.swift in Sources */ = {isa = PBXBuildFile; fileRef = 2FA86DA5945C10A8CE6224B1 /* WatchConnectivityModels.swift */; };
		0879DD6EAC21F72CC565B163 /* ActualBLEService.swift in Sources */ = {isa = PBXBuildFile; fileRef = D647CF6BD46AB6D4F6B1E4E7 /* ActualBLEService.swift */; };
		0CF1CDD7CC0029A656224E85 /* RunnerPOVView.swift in Sources */ = {isa = PBXBuildFile; fileRef = 6F3A57CB6D23F1CC33D639B2 /* RunnerPOVView.swift */; };
		1365E619E9728DEA693A835F /* BLEService.swift in Sources */ = {isa = PBXBuildFile; fileRef = 6B57844C7DF536C38932FD6C /* BLEService.swift */; };
		15BF7F92E7EE71D79BBA9761 /* Assets.xcassets in Resources */ = {isa = PBXBuildFile; fileRef = 77B1EB61BECE2F21D0AEE3DE /* Assets.xcassets */; };
		1943DBA1D50AD17F7D9AAD04 /* CommunityView.swift in Sources */ = {isa = PBXBuildFile; fileRef = F55E5B56D27971B0CF6881C7 /* CommunityView.swift */; };
		1BAF3D22F44F7909D60DB436 /* RunnerProfile.swift in Sources */ = {isa = PBXBuildFile; fileRef = 35DD10D29E9DB4D81A10AD8D /* RunnerProfile.swift */; };
		1CF650790D0AB614B710B108 /* RunShareScreen.swift in Sources */ = {isa = PBXBuildFile; fileRef = 78EA950FA6D8DAFE19B2DAE4 /* RunShareScreen.swift */; };
		23602A61758B37306E74FDA2 /* ContentView.swift in Sources */ = {isa = PBXBuildFile; fileRef = 7B7F2B3EA6D7507007B6F8D9 /* ContentView.swift */; };
		2426E5605E7D280A3D1905F4 /* RunModels.swift in Sources */ = {isa = PBXBuildFile; fileRef = E648085CFE90F328D3603585 /* RunModels.swift */; };
		29B8164702FD3C976F5ACB0E /* BeamChaserApp.swift in Sources */ = {isa = PBXBuildFile; fileRef = 7CF86D797CCF1F2E934B76B3 /* BeamChaserApp.swift */; };
		2A973232FEBAC38F4EAA7F23 /* RunDashboardView.swift in Sources */ = {isa = PBXBuildFile; fileRef = 4202211A5C0D7EBA0E866746 /* RunDashboardView.swift */; };
		3347BF105A1C7E9FF94BDE0B /* GameSelectView.swift in Sources */ = {isa = PBXBuildFile; fileRef = C278D0A80009D40F0D7B4FC8 /* GameSelectView.swift */; };
		33F83A8D3DEBD8D2D57CEAC8 /* RunDetailView.swift in Sources */ = {isa = PBXBuildFile; fileRef = 2E9EAB8F0DFF03EA8F8D8D40 /* RunDetailView.swift */; };
		34A9E3CAC8FF233CBB60C9BC /* DeviceConnectionView.swift in Sources */ = {isa = PBXBuildFile; fileRef = F47A965F10399C9BE74B9B73 /* DeviceConnectionView.swift */; };
		3A45286B7F7B875238FA310D /* HealthKitService.swift in Sources */ = {isa = PBXBuildFile; fileRef = 446626F19AB22204FFF78C24 /* HealthKitService.swift */; };
		3DE55A20B9885A9715614139 /* ProfileView.swift in Sources */ = {isa = PBXBuildFile; fileRef = 5DA5BEB48340AD2502F3530F /* ProfileView.swift */; };
		42E0095D9AE876F7E1C3B80D /* HomeView.swift in Sources */ = {isa = PBXBuildFile; fileRef = F6DF91E46FA128DEAAAC12A0 /* HomeView.swift */; };
		54CF9F3BBD167CFFA690B5A7 /* RunSessionManager.swift in Sources */ = {isa = PBXBuildFile; fileRef = 5EFCF2B3F235AD0345ED55A8 /* RunSessionManager.swift */; };
		5652B4DAE13615D1AF76696C /* PaceSetupView.swift in Sources */ = {isa = PBXBuildFile; fileRef = 9D6645E29FBB7DF845AA4214 /* PaceSetupView.swift */; };
		59E1EF34E718E0C655C75E7E /* Localizable.strings in Resources */ = {isa = PBXBuildFile; fileRef = F8E11D3E2C1992855C101578 /* Localizable.strings */; };
		59F6A3E3E1E20EAD8F8BF232 /* FirebaseAuth in Frameworks */ = {isa = PBXBuildFile; productRef = A54D2F3EBD98692AEE0DC617 /* FirebaseAuth */; };
		630D0411057CDC0B2DDE320E /* RunnerSimulationView.swift in Sources */ = {isa = PBXBuildFile; fileRef = 0207FF2F56DB50202716BE85 /* RunnerSimulationView.swift */; };
		6BD063E621E029C4833B3F24 /* watch.md in Resources */ = {isa = PBXBuildFile; fileRef = F42CC25206E370B23407E717 /* watch.md */; };
		743F097D087D5E13C82B6954 /* PhoneSessionManager.swift in Sources */ = {isa = PBXBuildFile; fileRef = 8B63169B26593DB1113E6EF8 /* PhoneSessionManager.swift */; };
		79E03E5E4B431C7B7C31AAF6 /* BeamChaserWatchApp.swift in Sources */ = {isa = PBXBuildFile; fileRef = 582C6FE55EAA2FE1B50643DF /* BeamChaserWatchApp.swift */; };
		7E533A5B86DB7A073AFDDEA6 /* IdleView.swift in Sources */ = {isa = PBXBuildFile; fileRef = F5CC99FC8B62415D28A772F2 /* IdleView.swift */; };
		7F5F8355775ADDA4F4B10DAD /* GoogleSignIn in Frameworks */ = {isa = PBXBuildFile; productRef = 4D15AB75CE6E12A4BD371CC8 /* GoogleSignIn */; };
		820FD4F27C2EEE47F2317B58 /* RunHistoryView.swift in Sources */ = {isa = PBXBuildFile; fileRef = 8FF7B0D93E3D382BD1853C5A /* RunHistoryView.swift */; };
		851DA58A84D9F1343EB70BC7 /* RunMapView.swift in Sources */ = {isa = PBXBuildFile; fileRef = F87E3482B1071A4F9D3D8346 /* RunMapView.swift */; };
		8560584740876F837F7E65E6 /* WatchConnectivityModels.swift in Sources */ = {isa = PBXBuildFile; fileRef = 2FA86DA5945C10A8CE6224B1 /* WatchConnectivityModels.swift */; };
		8572AB83855158F0AAB70D47 /* FirebaseFirestore in Frameworks */ = {isa = PBXBuildFile; productRef = 9F7182B188F7846BA612A79D /* FirebaseFirestore */; };
		8643A218FD3C95B81CBAA2A5 /* LegalContent.swift in Sources */ = {isa = PBXBuildFile; fileRef = E8DA794517D73CB79C1D9384 /* LegalContent.swift */; };
		8E780C61A58234E3260D616F /* OnboardingView.swift in Sources */ = {isa = PBXBuildFile; fileRef = 341ACB8644CECEB682E2AD0A /* OnboardingView.swift */; };
		967B9E04A70BE8EC784121E9 /* WatchSessionManager.swift in Sources */ = {isa = PBXBuildFile; fileRef = 94DBDCD6165E390479103020 /* WatchSessionManager.swift */; };
		97B14B6EEFC8EA1010EF2BD4 /* GoogleService-Info.plist in Resources */ = {isa = PBXBuildFile; fileRef = 666403B673A828188C6BC71E /* GoogleService-Info.plist */; };
		A1ED901C10512CE25559858A /* HardwareControlView.swift in Sources */ = {isa = PBXBuildFile; fileRef = 7E84CA348C028724F49F7D0C /* HardwareControlView.swift */; };
		A5BEF43EAFBF0254DCB27B4F /* ContactsService.swift in Sources */ = {isa = PBXBuildFile; fileRef = 87A0CC7609640BBFD5451EE2 /* ContactsService.swift */; };
		A9617288430A9260716D7B98 /* FirebaseConfig.swift in Sources */ = {isa = PBXBuildFile; fileRef = 96179D1257FF2F7CE4B4F427 /* FirebaseConfig.swift */; };
		B751E3DD6FE17EC956B1B707 /* SettingsView.swift in Sources */ = {isa = PBXBuildFile; fileRef = 1D0BBD7C4CBD305E174DA1BB /* SettingsView.swift */; };
		B8F6C4A50D9A4C7E8E8B4A21 /* PaceCoachingService.swift in Sources */ = {isa = PBXBuildFile; fileRef = 9C2D4E6A1F3B4C5D6E7F8091 /* PaceCoachingService.swift */; };
		BDBFB48002E035CEB2D3C88E /* PaceMakerEngine.swift in Sources */ = {isa = PBXBuildFile; fileRef = 33BE1A4A5D6E620D8EB20E38 /* PaceMakerEngine.swift */; };
		BDC84B089A43A7FD2ECF9E93 /* FirebaseStorage in Frameworks */ = {isa = PBXBuildFile; productRef = 2980F47B272DCFD0C2CB786A /* FirebaseStorage */; };
		C88DB4F49859145C6332EE59 /* PauseFinishView.swift in Sources */ = {isa = PBXBuildFile; fileRef = E7DB22B2F07FFC3E8B7FFD88 /* PauseFinishView.swift */; };
		CE9F0CBCAA895E2E8AA75DDA /* BLEProtocol.swift in Sources */ = {isa = PBXBuildFile; fileRef = 6C37D750A370CB40B57C368D /* BLEProtocol.swift */; };
		D15AB1E4792332048CEA0479 /* RunShareCardView.swift in Sources */ = {isa = PBXBuildFile; fileRef = 997E1CC0DC781F2F7DB0B11D /* RunShareCardView.swift */; };
		D8571F5BBACAFCF946E23688 /* RunShareComposerScene.swift in Sources */ = {isa = PBXBuildFile; fileRef = 4725613F2B70E504E035B9BB /* RunShareComposerScene.swift */; };
		D9B33166D7E27E93F31957ED /* NowPlayingService.swift in Sources */ = {isa = PBXBuildFile; fileRef = 58DB1F031077B993431BC2BE /* NowPlayingService.swift */; };
		E0563A6632016F482591BD19 /* BackendService.swift in Sources */ = {isa = PBXBuildFile; fileRef = FAE665DA001E477EA3579D10 /* BackendService.swift */; };
		E6BB310F2BF0E2201A1C5567 /* AuthService.swift in Sources */ = {isa = PBXBuildFile; fileRef = C99FC835716F82E9340A2314 /* AuthService.swift */; };
		E866B3490D52CA904BDAEB06 /* LocationService.swift in Sources */ = {isa = PBXBuildFile; fileRef = 312FC1A6C56FE8BBA381EE95 /* LocationService.swift */; };
		EBC749A92F3A951ACF066656 /* BackgroundEditScreen.swift in Sources */ = {isa = PBXBuildFile; fileRef = D740D4183842B4DA55C1CF29 /* BackgroundEditScreen.swift */; };
		F32CEB513643DC34A99207F5 /* DesignSystem.swift in Sources */ = {isa = PBXBuildFile; fileRef = F7DEA7EB6345811C27C68A59 /* DesignSystem.swift */; };
		F3E031C7A059590AC13B6214 /* FirebaseCore in Frameworks */ = {isa = PBXBuildFile; productRef = 98EF4C45B72FF147649958AF /* FirebaseCore */; };
		F82F8AAF4367EB5E326851CE /* MockBLEService.swift in Sources */ = {isa = PBXBuildFile; fileRef = 05C8B8022378545D95F20562 /* MockBLEService.swift */; };
		FB22AE03FEC7E93E4F71F80E /* PrivacyInfo.xcprivacy in Resources */ = {isa = PBXBuildFile; fileRef = 379C67B2595A6C9454B192D1 /* PrivacyInfo.xcprivacy */; };
		FC9DC7E2A7D1C54386870D04 /* DeviceCalibrationView.swift in Sources */ = {isa = PBXBuildFile; fileRef = 3A1F867544A2328EFDED36A2 /* DeviceCalibrationView.swift */; };
		FCFDF264F980E54B4FC8DA5B /* RunActiveView.swift in Sources */ = {isa = PBXBuildFile; fileRef = BDB7B71027B9ACB9287FF566 /* RunActiveView.swift */; };
		FF911E88A34282DAC747B0E4 /* InfoPlist.strings in Resources */ = {isa = PBXBuildFile; fileRef = 6F98D07D52D1FD6D292656E5 /* InfoPlist.strings */; };
/* End PBXBuildFile section */

/* Begin PBXContainerItemProxy section */
		EEA7E8C238DE6DC507563FC6 /* PBXContainerItemProxy */ = {
			isa = PBXContainerItemProxy;
			containerPortal = 2250900684696F74D0947CFC /* Project object */;
			proxyType = 1;
			remoteGlobalIDString = 9FCBB8AE40C0FB81C80C3BFC;
			remoteInfo = BeamChaser;
		};
/* End PBXContainerItemProxy section */

/* Begin PBXFileReference section */
		0207FF2F56DB50202716BE85 /* RunnerSimulationView.swift */ = {isa = PBXFileReference; lastKnownFileType = sourcecode.swift; path = RunnerSimulationView.swift; sourceTree = "<group>"; };
		05C8B8022378545D95F20562 /* MockBLEService.swift */ = {isa = PBXFileReference; lastKnownFileType = sourcecode.swift; path = MockBLEService.swift; sourceTree = "<group>"; };
		1BD7296EAD5B9D6D07E58837 /* HapticEngine.swift */ = {isa = PBXFileReference; lastKnownFileType = sourcecode.swift; path = HapticEngine.swift; sourceTree = "<group>"; };
		1D0BBD7C4CBD305E174DA1BB /* SettingsView.swift */ = {isa = PBXFileReference; lastKnownFileType = sourcecode.swift; path = SettingsView.swift; sourceTree = "<group>"; };
		286191B5D08927AC8D89CE6E /* Info.plist */ = {isa = PBXFileReference; lastKnownFileType = text.plist; path = Info.plist; sourceTree = "<group>"; };
		2E9EAB8F0DFF03EA8F8D8D40 /* RunDetailView.swift */ = {isa = PBXFileReference; lastKnownFileType = sourcecode.swift; path = RunDetailView.swift; sourceTree = "<group>"; };
		2FA86DA5945C10A8CE6224B1 /* WatchConnectivityModels.swift */ = {isa = PBXFileReference; lastKnownFileType = sourcecode.swift; path = WatchConnectivityModels.swift; sourceTree = "<group>"; };
		312FC1A6C56FE8BBA381EE95 /* LocationService.swift */ = {isa = PBXFileReference; lastKnownFileType = sourcecode.swift; path = LocationService.swift; sourceTree = "<group>"; };
		33BE1A4A5D6E620D8EB20E38 /* PaceMakerEngine.swift */ = {isa = PBXFileReference; lastKnownFileType = sourcecode.swift; path = PaceMakerEngine.swift; sourceTree = "<group>"; };
		341ACB8644CECEB682E2AD0A /* OnboardingView.swift */ = {isa = PBXFileReference; lastKnownFileType = sourcecode.swift; path = OnboardingView.swift; sourceTree = "<group>"; };
		35DD10D29E9DB4D81A10AD8D /* RunnerProfile.swift */ = {isa = PBXFileReference; lastKnownFileType = sourcecode.swift; path = RunnerProfile.swift; sourceTree = "<group>"; };
		379C67B2595A6C9454B192D1 /* PrivacyInfo.xcprivacy */ = {isa = PBXFileReference; path = PrivacyInfo.xcprivacy; sourceTree = "<group>"; };
		3A1F867544A2328EFDED36A2 /* DeviceCalibrationView.swift */ = {isa = PBXFileReference; lastKnownFileType = sourcecode.swift; path = DeviceCalibrationView.swift; sourceTree = "<group>"; };
		4202211A5C0D7EBA0E866746 /* RunDashboardView.swift */ = {isa = PBXFileReference; lastKnownFileType = sourcecode.swift; path = RunDashboardView.swift; sourceTree = "<group>"; };
		446626F19AB22204FFF78C24 /* HealthKitService.swift */ = {isa = PBXFileReference; lastKnownFileType = sourcecode.swift; path = HealthKitService.swift; sourceTree = "<group>"; };
		4725613F2B70E504E035B9BB /* RunShareComposerScene.swift */ = {isa = PBXFileReference; lastKnownFileType = sourcecode.swift; path = RunShareComposerScene.swift; sourceTree = "<group>"; };
		582C6FE55EAA2FE1B50643DF /* BeamChaserWatchApp.swift */ = {isa = PBXFileReference; lastKnownFileType = sourcecode.swift; path = BeamChaserWatchApp.swift; sourceTree = "<group>"; };
		58DB1F031077B993431BC2BE /* NowPlayingService.swift */ = {isa = PBXFileReference; lastKnownFileType = sourcecode.swift; path = NowPlayingService.swift; sourceTree = "<group>"; };
		5DA5BEB48340AD2502F3530F /* ProfileView.swift */ = {isa = PBXFileReference; lastKnownFileType = sourcecode.swift; path = ProfileView.swift; sourceTree = "<group>"; };
		5EFCF2B3F235AD0345ED55A8 /* RunSessionManager.swift */ = {isa = PBXFileReference; lastKnownFileType = sourcecode.swift; path = RunSessionManager.swift; sourceTree = "<group>"; };
		64181EAC9599816317479DB1 /* BeamChaser.app */ = {isa = PBXFileReference; includeInIndex = 0; lastKnownFileType = wrapper.application; path = BeamChaser.app; sourceTree = BUILT_PRODUCTS_DIR; };
		666403B673A828188C6BC71E /* GoogleService-Info.plist */ = {isa = PBXFileReference; lastKnownFileType = text.plist; path = "GoogleService-Info.plist"; sourceTree = "<group>"; };
		6B57844C7DF536C38932FD6C /* BLEService.swift */ = {isa = PBXFileReference; lastKnownFileType = sourcecode.swift; path = BLEService.swift; sourceTree = "<group>"; };
		6C37D750A370CB40B57C368D /* BLEProtocol.swift */ = {isa = PBXFileReference; lastKnownFileType = sourcecode.swift; path = BLEProtocol.swift; sourceTree = "<group>"; };
		6F3A57CB6D23F1CC33D639B2 /* RunnerPOVView.swift */ = {isa = PBXFileReference; lastKnownFileType = sourcecode.swift; path = RunnerPOVView.swift; sourceTree = "<group>"; };
		77B1EB61BECE2F21D0AEE3DE /* Assets.xcassets */ = {isa = PBXFileReference; lastKnownFileType = folder.assetcatalog; path = Assets.xcassets; sourceTree = "<group>"; };
		78EA950FA6D8DAFE19B2DAE4 /* RunShareScreen.swift */ = {isa = PBXFileReference; lastKnownFileType = sourcecode.swift; path = RunShareScreen.swift; sourceTree = "<group>"; };
		7B7F2B3EA6D7507007B6F8D9 /* ContentView.swift */ = {isa = PBXFileReference; lastKnownFileType = sourcecode.swift; path = ContentView.swift; sourceTree = "<group>"; };
		7CF86D797CCF1F2E934B76B3 /* BeamChaserApp.swift */ = {isa = PBXFileReference; lastKnownFileType = sourcecode.swift; path = BeamChaserApp.swift; sourceTree = "<group>"; };
		7E84CA348C028724F49F7D0C /* HardwareControlView.swift */ = {isa = PBXFileReference; lastKnownFileType = sourcecode.swift; path = HardwareControlView.swift; sourceTree = "<group>"; };
		858DEFC37CCE1328A8754CD2 /* en */ = {isa = PBXFileReference; lastKnownFileType = text.plist.strings; name = en; path = en.lproj/Localizable.strings; sourceTree = "<group>"; };
		87A0CC7609640BBFD5451EE2 /* ContactsService.swift */ = {isa = PBXFileReference; lastKnownFileType = sourcecode.swift; path = ContactsService.swift; sourceTree = "<group>"; };
		8B63169B26593DB1113E6EF8 /* PhoneSessionManager.swift */ = {isa = PBXFileReference; lastKnownFileType = sourcecode.swift; path = PhoneSessionManager.swift; sourceTree = "<group>"; };
		8FF7B0D93E3D382BD1853C5A /* RunHistoryView.swift */ = {isa = PBXFileReference; lastKnownFileType = sourcecode.swift; path = RunHistoryView.swift; sourceTree = "<group>"; };
		94DBDCD6165E390479103020 /* WatchSessionManager.swift */ = {isa = PBXFileReference; lastKnownFileType = sourcecode.swift; path = WatchSessionManager.swift; sourceTree = "<group>"; };
		96179D1257FF2F7CE4B4F427 /* FirebaseConfig.swift */ = {isa = PBXFileReference; lastKnownFileType = sourcecode.swift; path = FirebaseConfig.swift; sourceTree = "<group>"; };
		997E1CC0DC781F2F7DB0B11D /* RunShareCardView.swift */ = {isa = PBXFileReference; lastKnownFileType = sourcecode.swift; path = RunShareCardView.swift; sourceTree = "<group>"; };
		9C2D4E6A1F3B4C5D6E7F8091 /* PaceCoachingService.swift */ = {isa = PBXFileReference; lastKnownFileType = sourcecode.swift; path = PaceCoachingService.swift; sourceTree = "<group>"; };
		9D6645E29FBB7DF845AA4214 /* PaceSetupView.swift */ = {isa = PBXFileReference; lastKnownFileType = sourcecode.swift; path = PaceSetupView.swift; sourceTree = "<group>"; };
		B01516678E50AAC2C6B3454A /* BeamChaserWatch.app */ = {isa = PBXFileReference; explicitFileType = wrapper.application; includeInIndex = 0; path = BeamChaserWatch.app; sourceTree = BUILT_PRODUCTS_DIR; };
		BDB7B71027B9ACB9287FF566 /* RunActiveView.swift */ = {isa = PBXFileReference; lastKnownFileType = sourcecode.swift; path = RunActiveView.swift; sourceTree = "<group>"; };
		C1D5FBC1C399D4F861B91113 /* BeamChaser.entitlements */ = {isa = PBXFileReference; lastKnownFileType = text.plist.entitlements; path = BeamChaser.entitlements; sourceTree = "<group>"; };
		C278D0A80009D40F0D7B4FC8 /* GameSelectView.swift */ = {isa = PBXFileReference; lastKnownFileType = sourcecode.swift; path = GameSelectView.swift; sourceTree = "<group>"; };
		C99FC835716F82E9340A2314 /* AuthService.swift */ = {isa = PBXFileReference; lastKnownFileType = sourcecode.swift; path = AuthService.swift; sourceTree = "<group>"; };
		D647CF6BD46AB6D4F6B1E4E7 /* ActualBLEService.swift */ = {isa = PBXFileReference; lastKnownFileType = sourcecode.swift; path = ActualBLEService.swift; sourceTree = "<group>"; };
		D740D4183842B4DA55C1CF29 /* BackgroundEditScreen.swift */ = {isa = PBXFileReference; lastKnownFileType = sourcecode.swift; path = BackgroundEditScreen.swift; sourceTree = "<group>"; };
		E648085CFE90F328D3603585 /* RunModels.swift */ = {isa = PBXFileReference; lastKnownFileType = sourcecode.swift; path = RunModels.swift; sourceTree = "<group>"; };
		E7DB22B2F07FFC3E8B7FFD88 /* PauseFinishView.swift */ = {isa = PBXFileReference; lastKnownFileType = sourcecode.swift; path = PauseFinishView.swift; sourceTree = "<group>"; };
		E8DA794517D73CB79C1D9384 /* LegalContent.swift */ = {isa = PBXFileReference; lastKnownFileType = sourcecode.swift; path = LegalContent.swift; sourceTree = "<group>"; };
		F42CC25206E370B23407E717 /* watch.md */ = {isa = PBXFileReference; lastKnownFileType = net.daringfireball.markdown; path = watch.md; sourceTree = "<group>"; };
		F47A965F10399C9BE74B9B73 /* DeviceConnectionView.swift */ = {isa = PBXFileReference; lastKnownFileType = sourcecode.swift; path = DeviceConnectionView.swift; sourceTree = "<group>"; };
		F55E5B56D27971B0CF6881C7 /* CommunityView.swift */ = {isa = PBXFileReference; lastKnownFileType = sourcecode.swift; path = CommunityView.swift; sourceTree = "<group>"; };
		F5CC99FC8B62415D28A772F2 /* IdleView.swift */ = {isa = PBXFileReference; lastKnownFileType = sourcecode.swift; path = IdleView.swift; sourceTree = "<group>"; };
		F6DF91E46FA128DEAAAC12A0 /* HomeView.swift */ = {isa = PBXFileReference; lastKnownFileType = sourcecode.swift; path = HomeView.swift; sourceTree = "<group>"; };
		F7DEA7EB6345811C27C68A59 /* DesignSystem.swift */ = {isa = PBXFileReference; lastKnownFileType = sourcecode.swift; path = DesignSystem.swift; sourceTree = "<group>"; };
		F87E3482B1071A4F9D3D8346 /* RunMapView.swift */ = {isa = PBXFileReference; lastKnownFileType = sourcecode.swift; path = RunMapView.swift; sourceTree = "<group>"; };
		F950C69CCD74A2DC587B6001 /* en */ = {isa = PBXFileReference; lastKnownFileType = text.plist.strings; name = en; path = en.lproj/InfoPlist.strings; sourceTree = "<group>"; };
		FAE665DA001E477EA3579D10 /* BackendService.swift */ = {isa = PBXFileReference; lastKnownFileType = sourcecode.swift; path = BackendService.swift; sourceTree = "<group>"; };
/* End PBXFileReference section */

/* Begin PBXFrameworksBuildPhase section */
		71601D2D10865AAC1DB3B051 /* Frameworks */ = {
			isa = PBXFrameworksBuildPhase;
			buildActionMask = 2147483647;
			files = (
				F3E031C7A059590AC13B6214 /* FirebaseCore in Frameworks */,
				59F6A3E3E1E20EAD8F8BF232 /* FirebaseAuth in Frameworks */,
				8572AB83855158F0AAB70D47 /* FirebaseFirestore in Frameworks */,
				BDC84B089A43A7FD2ECF9E93 /* FirebaseStorage in Frameworks */,
				7F5F8355775ADDA4F4B10DAD /* GoogleSignIn in Frameworks */,
			);
			runOnlyForDeploymentPostprocessing = 0;
		};
/* End PBXFrameworksBuildPhase section */

/* Begin PBXGroup section */
		12A24CE4FC4CCEEDC0C60F25 /* Running */ = {
			isa = PBXGroup;
			children = (
				9D6645E29FBB7DF845AA4214 /* PaceSetupView.swift */,
				BDB7B71027B9ACB9287FF566 /* RunActiveView.swift */,
				F87E3482B1071A4F9D3D8346 /* RunMapView.swift */,
			);
			path = Running;
			sourceTree = "<group>";
		};
		2807FEFC3191C2A74643F817 /* App */ = {
			isa = PBXGroup;
			children = (
				582C6FE55EAA2FE1B50643DF /* BeamChaserWatchApp.swift */,
			);
			path = App;
			sourceTree = "<group>";
		};
		28E732B68DA57000D74D5A94 /* Products */ = {
			isa = PBXGroup;
			children = (
				64181EAC9599816317479DB1 /* BeamChaser.app */,
				B01516678E50AAC2C6B3454A /* BeamChaserWatch.app */,
			);
			name = Products;
			sourceTree = "<group>";
		};
		2EFC88649B0F8F0010BA3C41 /* Services */ = {
			isa = PBXGroup;
			children = (
				1BD7296EAD5B9D6D07E58837 /* HapticEngine.swift */,
				94DBDCD6165E390479103020 /* WatchSessionManager.swift */,
			);
			path = Services;
			sourceTree = "<group>";
		};
		30E0F77CAC2327F76EC3979A /* Models */ = {
			isa = PBXGroup;
			children = (
				6C37D750A370CB40B57C368D /* BLEProtocol.swift */,
				E8DA794517D73CB79C1D9384 /* LegalContent.swift */,
				E648085CFE90F328D3603585 /* RunModels.swift */,
				35DD10D29E9DB4D81A10AD8D /* RunnerProfile.swift */,
			);
			path = Models;
			sourceTree = "<group>";
		};
		32566F102F724EAB8F4FF691 /* Views */ = {
			isa = PBXGroup;
			children = (
				7E84CA348C028724F49F7D0C /* HardwareControlView.swift */,
				F5CC99FC8B62415D28A772F2 /* IdleView.swift */,
				E7DB22B2F07FFC3E8B7FFD88 /* PauseFinishView.swift */,
				4202211A5C0D7EBA0E866746 /* RunDashboardView.swift */,
			);
			path = Views;
			sourceTree = "<group>";
		};
		3C92C51F36956B9D970CD529 /* Home */ = {
			isa = PBXGroup;
			children = (
				F47A965F10399C9BE74B9B73 /* DeviceConnectionView.swift */,
				F6DF91E46FA128DEAAAC12A0 /* HomeView.swift */,
			);
			path = Home;
			sourceTree = "<group>";
		};
		3F002F8A6D9F67662E5DA623 /* Views */ = {
			isa = PBXGroup;
			children = (
				8B0B9CA70419ED9D055F2D11 /* Community */,
				841842C44C12CD3EA53E0BBF /* Components */,
				ED48F0C090F4C4D2DF09DA59 /* Game */,
				FE6231D46CDB03FFB092BB39 /* History */,
				3C92C51F36956B9D970CD529 /* Home */,
				EAC570B439F7BC91FEAC5B50 /* Onboarding */,
				CF2CBD3C6A796DF11D7C4C21 /* Profile */,
				12A24CE4FC4CCEEDC0C60F25 /* Running */,
				A0003B8A1AD9099E2C65EED2 /* Settings */,
			);
			path = Views;
			sourceTree = "<group>";
		};
		48718154C885FF7B94E7D175 /* Models */ = {
			isa = PBXGroup;
			children = (
			);
			path = Models;
			sourceTree = "<group>";
		};
		4B5A88F0BCD6051837DDAB2A /* Shared */ = {
			isa = PBXGroup;
			children = (
				2FA86DA5945C10A8CE6224B1 /* WatchConnectivityModels.swift */,
			);
			path = Shared;
			sourceTree = "<group>";
		};
		72A11DB3D39A09ECA35EEE89 = {
			isa = PBXGroup;
			children = (
				EF4B68F49DB689BB0782660A /* BeamChaser */,
				4B5A88F0BCD6051837DDAB2A /* Shared */,
				AF0FD079EF06C6BCCA619F3E /* Sources */,
				28E732B68DA57000D74D5A94 /* Products */,
			);
			sourceTree = "<group>";
		};
		80DAB951D5D36435BAE6A26E /* Resources */ = {
			isa = PBXGroup;
			children = (
				77B1EB61BECE2F21D0AEE3DE /* Assets.xcassets */,
				C1D5FBC1C399D4F861B91113 /* BeamChaser.entitlements */,
				666403B673A828188C6BC71E /* GoogleService-Info.plist */,
				286191B5D08927AC8D89CE6E /* Info.plist */,
				379C67B2595A6C9454B192D1 /* PrivacyInfo.xcprivacy */,
				6F98D07D52D1FD6D292656E5 /* InfoPlist.strings */,
				F8E11D3E2C1992855C101578 /* Localizable.strings */,
			);
			path = Resources;
			sourceTree = "<group>";
		};
		841842C44C12CD3EA53E0BBF /* Components */ = {
			isa = PBXGroup;
			children = (
				F7DEA7EB6345811C27C68A59 /* DesignSystem.swift */,
				6F3A57CB6D23F1CC33D639B2 /* RunnerPOVView.swift */,
				0207FF2F56DB50202716BE85 /* RunnerSimulationView.swift */,
			);
			path = Components;
			sourceTree = "<group>";
		};
		8B0B9CA70419ED9D055F2D11 /* Community */ = {
			isa = PBXGroup;
			children = (
				F55E5B56D27971B0CF6881C7 /* CommunityView.swift */,
			);
			path = Community;
			sourceTree = "<group>";
		};
		9FB9780956C1BDE2AC86D48B /* Services */ = {
			isa = PBXGroup;
			children = (
				D647CF6BD46AB6D4F6B1E4E7 /* ActualBLEService.swift */,
				C99FC835716F82E9340A2314 /* AuthService.swift */,
				FAE665DA001E477EA3579D10 /* BackendService.swift */,
				6B57844C7DF536C38932FD6C /* BLEService.swift */,
				87A0CC7609640BBFD5451EE2 /* ContactsService.swift */,
				96179D1257FF2F7CE4B4F427 /* FirebaseConfig.swift */,
				446626F19AB22204FFF78C24 /* HealthKitService.swift */,
				312FC1A6C56FE8BBA381EE95 /* LocationService.swift */,
				05C8B8022378545D95F20562 /* MockBLEService.swift */,
				58DB1F031077B993431BC2BE /* NowPlayingService.swift */,
				9C2D4E6A1F3B4C5D6E7F8091 /* PaceCoachingService.swift */,
				33BE1A4A5D6E620D8EB20E38 /* PaceMakerEngine.swift */,
				8B63169B26593DB1113E6EF8 /* PhoneSessionManager.swift */,
				5EFCF2B3F235AD0345ED55A8 /* RunSessionManager.swift */,
			);
			path = Services;
			sourceTree = "<group>";
		};
		A0003B8A1AD9099E2C65EED2 /* Settings */ = {
			isa = PBXGroup;
			children = (
				3A1F867544A2328EFDED36A2 /* DeviceCalibrationView.swift */,
				1D0BBD7C4CBD305E174DA1BB /* SettingsView.swift */,
			);
			path = Settings;
			sourceTree = "<group>";
		};
		AF0FD079EF06C6BCCA619F3E /* Sources */ = {
			isa = PBXGroup;
			children = (
				2807FEFC3191C2A74643F817 /* App */,
				48718154C885FF7B94E7D175 /* Models */,
				2EFC88649B0F8F0010BA3C41 /* Services */,
				32566F102F724EAB8F4FF691 /* Views */,
			);
			name = Sources;
			path = BeamChaserWatch/Sources;
			sourceTree = "<group>";
		};
		CF2CBD3C6A796DF11D7C4C21 /* Profile */ = {
			isa = PBXGroup;
			children = (
				D740D4183842B4DA55C1CF29 /* BackgroundEditScreen.swift */,
				5DA5BEB48340AD2502F3530F /* ProfileView.swift */,
				997E1CC0DC781F2F7DB0B11D /* RunShareCardView.swift */,
				4725613F2B70E504E035B9BB /* RunShareComposerScene.swift */,
				78EA950FA6D8DAFE19B2DAE4 /* RunShareScreen.swift */,
			);
			path = Profile;
			sourceTree = "<group>";
		};
		EAC570B439F7BC91FEAC5B50 /* Onboarding */ = {
			isa = PBXGroup;
			children = (
				341ACB8644CECEB682E2AD0A /* OnboardingView.swift */,
			);
			path = Onboarding;
			sourceTree = "<group>";
		};
		EC958FD3F111A765202328A4 /* App */ = {
			isa = PBXGroup;
			children = (
				7CF86D797CCF1F2E934B76B3 /* BeamChaserApp.swift */,
				7B7F2B3EA6D7507007B6F8D9 /* ContentView.swift */,
			);
			path = App;
			sourceTree = "<group>";
		};
		ED48F0C090F4C4D2DF09DA59 /* Game */ = {
			isa = PBXGroup;
			children = (
				C278D0A80009D40F0D7B4FC8 /* GameSelectView.swift */,
			);
			path = Game;
			sourceTree = "<group>";
		};
		EF4B68F49DB689BB0782660A /* BeamChaser */ = {
			isa = PBXGroup;
			children = (
				F42CC25206E370B23407E717 /* watch.md */,
				EC958FD3F111A765202328A4 /* App */,
				30E0F77CAC2327F76EC3979A /* Models */,
				80DAB951D5D36435BAE6A26E /* Resources */,
				9FB9780956C1BDE2AC86D48B /* Services */,
				3F002F8A6D9F67662E5DA623 /* Views */,
			);
			path = BeamChaser;
			sourceTree = "<group>";
		};
		FE6231D46CDB03FFB092BB39 /* History */ = {
			isa = PBXGroup;
			children = (
				2E9EAB8F0DFF03EA8F8D8D40 /* RunDetailView.swift */,
				8FF7B0D93E3D382BD1853C5A /* RunHistoryView.swift */,
			);
			path = History;
			sourceTree = "<group>";
		};
/* End PBXGroup section */

/* Begin PBXNativeTarget section */
		61D08689C63A5AA3FE1983D0 /* BeamChaserWatch */ = {
			isa = PBXNativeTarget;
			buildConfigurationList = 2FF867C248BD7C748BD28081 /* Build configuration list for PBXNativeTarget "BeamChaserWatch" */;
			buildPhases = (
				A66B65D4B15FA2AC6250B08C /* Sources */,
			);
			buildRules = (
			);
			dependencies = (
				22402A2CB49012A85F63D1CA /* PBXTargetDependency */,
			);
			name = BeamChaserWatch;
			packageProductDependencies = (
			);
			productName = BeamChaserWatch;
			productReference = B01516678E50AAC2C6B3454A /* BeamChaserWatch.app */;
			productType = "com.apple.product-type.application";
		};
		9FCBB8AE40C0FB81C80C3BFC /* BeamChaser */ = {
			isa = PBXNativeTarget;
			buildConfigurationList = 7891F6C338F7B1BC442C870C /* Build configuration list for PBXNativeTarget "BeamChaser" */;
			buildPhases = (
				6689927FD8444380E28A55F0 /* Sources */,
				1929E9143BF44DAC15EA3B5A /* Resources */,
				71601D2D10865AAC1DB3B051 /* Frameworks */,
			);
			buildRules = (
			);
			dependencies = (
			);
			name = BeamChaser;
			packageProductDependencies = (
				98EF4C45B72FF147649958AF /* FirebaseCore */,
				A54D2F3EBD98692AEE0DC617 /* FirebaseAuth */,
				9F7182B188F7846BA612A79D /* FirebaseFirestore */,
				2980F47B272DCFD0C2CB786A /* FirebaseStorage */,
				4D15AB75CE6E12A4BD371CC8 /* GoogleSignIn */,
			);
			productName = BeamChaser;
			productReference = 64181EAC9599816317479DB1 /* BeamChaser.app */;
			productType = "com.apple.product-type.application";
		};
/* End PBXNativeTarget section */

/* Begin PBXProject section */
		2250900684696F74D0947CFC /* Project object */ = {
			isa = PBXProject;
			attributes = {
				BuildIndependentTargetsInParallel = YES;
				LastUpgradeCheck = 1600;
				TargetAttributes = {
					61D08689C63A5AA3FE1983D0 = {
						DevelopmentTeam = 65V7ZCL579;
					};
					9FCBB8AE40C0FB81C80C3BFC = {
						DevelopmentTeam = 65V7ZCL579;
						SystemCapabilities = "[\"com.apple.HealthKit\": [\"enabled\": true], \"com.apple.BackgroundModes.bluetooth-central\": [\"enabled\": true], \"com.apple.SignInWithApple\": [\"enabled\": true], \"com.apple.BackgroundModes.location\": [\"enabled\": true], \"com.apple.BackgroundModes\": [\"enabled\": true]]";
					};
				};
			};
			buildConfigurationList = EDC8033F3C6C14347E8A5298 /* Build configuration list for PBXProject "BeamChaser" */;
			developmentRegion = en;
			hasScannedForEncodings = 0;
			knownRegions = (
				Base,
				en,
			);
			mainGroup = 72A11DB3D39A09ECA35EEE89;
			minimizedProjectReferenceProxies = 1;
			packageReferences = (
				0083E9F08AAA105F7DBC30B8 /* XCRemoteSwiftPackageReference "firebase-ios-sdk" */,
				A0258550E9135F4BE845E1D3 /* XCRemoteSwiftPackageReference "GoogleSignIn-iOS" */,
			);
			preferredProjectObjectVersion = 77;
			productRefGroup = 28E732B68DA57000D74D5A94 /* Products */;
			projectDirPath = "";
			projectRoot = "";
			targets = (
				9FCBB8AE40C0FB81C80C3BFC /* BeamChaser */,
				61D08689C63A5AA3FE1983D0 /* BeamChaserWatch */,
			);
		};
/* End PBXProject section */

/* Begin PBXResourcesBuildPhase section */
		1929E9143BF44DAC15EA3B5A /* Resources */ = {
			isa = PBXResourcesBuildPhase;
			buildActionMask = 2147483647;
			files = (
				15BF7F92E7EE71D79BBA9761 /* Assets.xcassets in Resources */,
				97B14B6EEFC8EA1010EF2BD4 /* GoogleService-Info.plist in Resources */,
				FF911E88A34282DAC747B0E4 /* InfoPlist.strings in Resources */,
				59E1EF34E718E0C655C75E7E /* Localizable.strings in Resources */,
				FB22AE03FEC7E93E4F71F80E /* PrivacyInfo.xcprivacy in Resources */,
				6BD063E621E029C4833B3F24 /* watch.md in Resources */,
			);
			runOnlyForDeploymentPostprocessing = 0;
		};
/* End PBXResourcesBuildPhase section */

/* Begin PBXSourcesBuildPhase section */
		6689927FD8444380E28A55F0 /* Sources */ = {
			isa = PBXSourcesBuildPhase;
			buildActionMask = 2147483647;
			files = (
				0879DD6EAC21F72CC565B163 /* ActualBLEService.swift in Sources */,
				E6BB310F2BF0E2201A1C5567 /* AuthService.swift in Sources */,
				CE9F0CBCAA895E2E8AA75DDA /* BLEProtocol.swift in Sources */,
				1365E619E9728DEA693A835F /* BLEService.swift in Sources */,
				E0563A6632016F482591BD19 /* BackendService.swift in Sources */,
				EBC749A92F3A951ACF066656 /* BackgroundEditScreen.swift in Sources */,
				29B8164702FD3C976F5ACB0E /* BeamChaserApp.swift in Sources */,
				1943DBA1D50AD17F7D9AAD04 /* CommunityView.swift in Sources */,
				A5BEF43EAFBF0254DCB27B4F /* ContactsService.swift in Sources */,
				23602A61758B37306E74FDA2 /* ContentView.swift in Sources */,
				F32CEB513643DC34A99207F5 /* DesignSystem.swift in Sources */,
				FC9DC7E2A7D1C54386870D04 /* DeviceCalibrationView.swift in Sources */,
				34A9E3CAC8FF233CBB60C9BC /* DeviceConnectionView.swift in Sources */,
				A9617288430A9260716D7B98 /* FirebaseConfig.swift in Sources */,
				3347BF105A1C7E9FF94BDE0B /* GameSelectView.swift in Sources */,
				3A45286B7F7B875238FA310D /* HealthKitService.swift in Sources */,
				42E0095D9AE876F7E1C3B80D /* HomeView.swift in Sources */,
				8643A218FD3C95B81CBAA2A5 /* LegalContent.swift in Sources */,
				E866B3490D52CA904BDAEB06 /* LocationService.swift in Sources */,
				F82F8AAF4367EB5E326851CE /* MockBLEService.swift in Sources */,
				D9B33166D7E27E93F31957ED /* NowPlayingService.swift in Sources */,
				8E780C61A58234E3260D616F /* OnboardingView.swift in Sources */,
				B8F6C4A50D9A4C7E8E8B4A21 /* PaceCoachingService.swift in Sources */,
				BDBFB48002E035CEB2D3C88E /* PaceMakerEngine.swift in Sources */,
				5652B4DAE13615D1AF76696C /* PaceSetupView.swift in Sources */,
				743F097D087D5E13C82B6954 /* PhoneSessionManager.swift in Sources */,
				3DE55A20B9885A9715614139 /* ProfileView.swift in Sources */,
				FCFDF264F980E54B4FC8DA5B /* RunActiveView.swift in Sources */,
				33F83A8D3DEBD8D2D57CEAC8 /* RunDetailView.swift in Sources */,
				820FD4F27C2EEE47F2317B58 /* RunHistoryView.swift in Sources */,
				851DA58A84D9F1343EB70BC7 /* RunMapView.swift in Sources */,
				2426E5605E7D280A3D1905F4 /* RunModels.swift in Sources */,
				54CF9F3BBD167CFFA690B5A7 /* RunSessionManager.swift in Sources */,
				D15AB1E4792332048CEA0479 /* RunShareCardView.swift in Sources */,
				D8571F5BBACAFCF946E23688 /* RunShareComposerScene.swift in Sources */,
				1CF650790D0AB614B710B108 /* RunShareScreen.swift in Sources */,
				0CF1CDD7CC0029A656224E85 /* RunnerPOVView.swift in Sources */,
				1BAF3D22F44F7909D60DB436 /* RunnerProfile.swift in Sources */,
				630D0411057CDC0B2DDE320E /* RunnerSimulationView.swift in Sources */,
				B751E3DD6FE17EC956B1B707 /* SettingsView.swift in Sources */,
				06CDDBBCB041D198DA7E975F /* WatchConnectivityModels.swift in Sources */,
			);
			runOnlyForDeploymentPostprocessing = 0;
		};
		A66B65D4B15FA2AC6250B08C /* Sources */ = {
			isa = PBXSourcesBuildPhase;
			buildActionMask = 2147483647;
			files = (
				79E03E5E4B431C7B7C31AAF6 /* BeamChaserWatchApp.swift in Sources */,
				0650D16EAC442F9C4773B0B6 /* HapticEngine.swift in Sources */,
				A1ED901C10512CE25559858A /* HardwareControlView.swift in Sources */,
				7E533A5B86DB7A073AFDDEA6 /* IdleView.swift in Sources */,
				C88DB4F49859145C6332EE59 /* PauseFinishView.swift in Sources */,
				2A973232FEBAC38F4EAA7F23 /* RunDashboardView.swift in Sources */,
				8560584740876F837F7E65E6 /* WatchConnectivityModels.swift in Sources */,
				967B9E04A70BE8EC784121E9 /* WatchSessionManager.swift in Sources */,
			);
			runOnlyForDeploymentPostprocessing = 0;
		};
/* End PBXSourcesBuildPhase section */

/* Begin PBXTargetDependency section */
		22402A2CB49012A85F63D1CA /* PBXTargetDependency */ = {
			isa = PBXTargetDependency;
			target = 9FCBB8AE40C0FB81C80C3BFC /* BeamChaser */;
			targetProxy = EEA7E8C238DE6DC507563FC6 /* PBXContainerItemProxy */;
		};
/* End PBXTargetDependency section */

/* Begin PBXVariantGroup section */
		6F98D07D52D1FD6D292656E5 /* InfoPlist.strings */ = {
			isa = PBXVariantGroup;
			children = (
				F950C69CCD74A2DC587B6001 /* en */,
			);
			name = InfoPlist.strings;
			sourceTree = "<group>";
		};
		F8E11D3E2C1992855C101578 /* Localizable.strings */ = {
			isa = PBXVariantGroup;
			children = (
				858DEFC37CCE1328A8754CD2 /* en */,
			);
			name = Localizable.strings;
			sourceTree = "<group>";
		};
/* End PBXVariantGroup section */

/* Begin XCBuildConfiguration section */
		2A80C0471EA77953AF4CB429 /* Debug */ = {
			isa = XCBuildConfiguration;
			buildSettings = {
				ASSETCATALOG_COMPILER_APPICON_NAME = AppIcon;
				CODE_SIGN_ENTITLEMENTS = BeamChaser/Resources/BeamChaser.entitlements;
				CODE_SIGN_IDENTITY = "iPhone Developer";
				CURRENT_PROJECT_VERSION = 9;
				INFOPLIST_FILE = BeamChaser/Resources/Info.plist;
				LD_RUNPATH_SEARCH_PATHS = (
					"$(inherited)",
					"@executable_path/Frameworks",
				);
				MARKETING_VERSION = 1.0.1;
				PRODUCT_BUNDLE_IDENTIFIER = com.haneum.beamchaser;
				SDKROOT = iphoneos;
				TARGETED_DEVICE_FAMILY = "1,2";
			};
			name = Debug;
		};
		4B85F09BDD65C6EFE588DE88 /* Debug */ = {
			isa = XCBuildConfiguration;
			buildSettings = {
				ASSETCATALOG_COMPILER_APPICON_NAME = AppIcon;
				CODE_SIGN_ENTITLEMENTS = BeamChaserWatch/Resources/BeamChaserWatch.entitlements;
				CURRENT_PROJECT_VERSION = 9;
				INFOPLIST_FILE = BeamChaserWatch/Resources/Info.plist;
				MARKETING_VERSION = 1.0.1;
				PRODUCT_BUNDLE_IDENTIFIER = com.haneum.beamchaser.watchapp;
				SDKROOT = watchos;
				SKIP_INSTALL = YES;
				TARGETED_DEVICE_FAMILY = 4;
			};
			name = Debug;
		};
		5F0B0A7FB3C04FCDEA240B87 /* Release */ = {
			isa = XCBuildConfiguration;
			buildSettings = {
				ASSETCATALOG_COMPILER_APPICON_NAME = AppIcon;
				CODE_SIGN_ENTITLEMENTS = BeamChaser/Resources/BeamChaser.entitlements;
				CODE_SIGN_IDENTITY = "iPhone Developer";
				CURRENT_PROJECT_VERSION = 9;
				INFOPLIST_FILE = BeamChaser/Resources/Info.plist;
				LD_RUNPATH_SEARCH_PATHS = (
					"$(inherited)",
					"@executable_path/Frameworks",
				);
				MARKETING_VERSION = 1.0.1;
				PRODUCT_BUNDLE_IDENTIFIER = com.haneum.beamchaser;
				SDKROOT = iphoneos;
				TARGETED_DEVICE_FAMILY = "1,2";
			};
			name = Release;
		};
		7CB2B48C6A30CCEB0DCE6551 /* Release */ = {
			isa = XCBuildConfiguration;
			buildSettings = {
				ALWAYS_SEARCH_USER_PATHS = NO;
				CLANG_ANALYZER_NONNULL = YES;
				CLANG_ANALYZER_NUMBER_OBJECT_CONVERSION = YES_AGGRESSIVE;
				CLANG_CXX_LANGUAGE_STANDARD = "gnu++14";
				CLANG_CXX_LIBRARY = "libc++";
				CLANG_ENABLE_MODULES = YES;
				CLANG_ENABLE_OBJC_ARC = YES;
				CLANG_ENABLE_OBJC_WEAK = YES;
				CLANG_WARN_BLOCK_CAPTURE_AUTORELEASING = YES;
				CLANG_WARN_BOOL_CONVERSION = YES;
				CLANG_WARN_COMMA = YES;
				CLANG_WARN_CONSTANT_CONVERSION = YES;
				CLANG_WARN_DEPRECATED_OBJC_IMPLEMENTATIONS = YES;
				CLANG_WARN_DIRECT_OBJC_ISA_USAGE = YES_ERROR;
				CLANG_WARN_DOCUMENTATION_COMMENTS = YES;
				CLANG_WARN_EMPTY_BODY = YES;
				CLANG_WARN_ENUM_CONVERSION = YES;
				CLANG_WARN_INFINITE_RECURSION = YES;
				CLANG_WARN_INT_CONVERSION = YES;
				CLANG_WARN_NON_LITERAL_NULL_CONVERSION = YES;
				CLANG_WARN_OBJC_IMPLICIT_RETAIN_SELF = YES;
				CLANG_WARN_OBJC_LITERAL_CONVERSION = YES;
				CLANG_WARN_OBJC_ROOT_CLASS = YES_ERROR;
				CLANG_WARN_QUOTED_INCLUDE_IN_FRAMEWORK_HEADER = YES;
				CLANG_WARN_RANGE_LOOP_ANALYSIS = YES;
				CLANG_WARN_STRICT_PROTOTYPES = YES;
				CLANG_WARN_SUSPICIOUS_MOVE = YES;
				CLANG_WARN_UNGUARDED_AVAILABILITY = YES_AGGRESSIVE;
				CLANG_WARN_UNREACHABLE_CODE = YES;
				CLANG_WARN__DUPLICATE_METHOD_MATCH = YES;
				COPY_PHASE_STRIP = NO;
				DEBUG_INFORMATION_FORMAT = "dwarf-with-dsym";
				DEVELOPMENT_TEAM = 65V7ZCL579;
				ENABLE_NS_ASSERTIONS = NO;
				ENABLE_STRICT_OBJC_MSGSEND = YES;
				GCC_C_LANGUAGE_STANDARD = gnu11;
				GCC_NO_COMMON_BLOCKS = YES;
				GCC_WARN_64_TO_32_BIT_CONVERSION = YES;
				GCC_WARN_ABOUT_RETURN_TYPE = YES_ERROR;
				GCC_WARN_UNDECLARED_SELECTOR = YES;
				GCC_WARN_UNINITIALIZED_AUTOS = YES_AGGRESSIVE;
				GCC_WARN_UNUSED_FUNCTION = YES;
				GCC_WARN_UNUSED_VARIABLE = YES;
				IPHONEOS_DEPLOYMENT_TARGET = 17.0;
				MTL_ENABLE_DEBUG_INFO = NO;
				MTL_FAST_MATH = YES;
				PRODUCT_NAME = "$(TARGET_NAME)";
				SWIFT_COMPILATION_MODE = wholemodule;
				SWIFT_OPTIMIZATION_LEVEL = "-O";
				SWIFT_VERSION = 5;
				WATCHOS_DEPLOYMENT_TARGET = 10.0;
			};
			name = Release;
		};
		C78C7551AB8C97E84D98E16E /* Release */ = {
			isa = XCBuildConfiguration;
			buildSettings = {
				ASSETCATALOG_COMPILER_APPICON_NAME = AppIcon;
				CODE_SIGN_ENTITLEMENTS = BeamChaserWatch/Resources/BeamChaserWatch.entitlements;
				CURRENT_PROJECT_VERSION = 9;
				INFOPLIST_FILE = BeamChaserWatch/Resources/Info.plist;
				MARKETING_VERSION = 1.0.1;
				PRODUCT_BUNDLE_IDENTIFIER = com.haneum.beamchaser.watchapp;
				SDKROOT = watchos;
				SKIP_INSTALL = YES;
				TARGETED_DEVICE_FAMILY = 4;
			};
			name = Release;
		};
		EA664DC8B5F8F7BC78212464 /* Debug */ = {
			isa = XCBuildConfiguration;
			buildSettings = {
				ALWAYS_SEARCH_USER_PATHS = NO;
				CLANG_ANALYZER_NONNULL = YES;
				CLANG_ANALYZER_NUMBER_OBJECT_CONVERSION = YES_AGGRESSIVE;
				CLANG_CXX_LANGUAGE_STANDARD = "gnu++14";
				CLANG_CXX_LIBRARY = "libc++";
				CLANG_ENABLE_MODULES = YES;
				CLANG_ENABLE_OBJC_ARC = YES;
				CLANG_ENABLE_OBJC_WEAK = YES;
				CLANG_WARN_BLOCK_CAPTURE_AUTORELEASING = YES;
				CLANG_WARN_BOOL_CONVERSION = YES;
				CLANG_WARN_COMMA = YES;
				CLANG_WARN_CONSTANT_CONVERSION = YES;
				CLANG_WARN_DEPRECATED_OBJC_IMPLEMENTATIONS = YES;
				CLANG_WARN_DIRECT_OBJC_ISA_USAGE = YES_ERROR;
				CLANG_WARN_DOCUMENTATION_COMMENTS = YES;
				CLANG_WARN_EMPTY_BODY = YES;
				CLANG_WARN_ENUM_CONVERSION = YES;
				CLANG_WARN_INFINITE_RECURSION = YES;
				CLANG_WARN_INT_CONVERSION = YES;
				CLANG_WARN_NON_LITERAL_NULL_CONVERSION = YES;
				CLANG_WARN_OBJC_IMPLICIT_RETAIN_SELF = YES;
				CLANG_WARN_OBJC_LITERAL_CONVERSION = YES;
				CLANG_WARN_OBJC_ROOT_CLASS = YES_ERROR;
				CLANG_WARN_QUOTED_INCLUDE_IN_FRAMEWORK_HEADER = YES;
				CLANG_WARN_RANGE_LOOP_ANALYSIS = YES;
				CLANG_WARN_STRICT_PROTOTYPES = YES;
				CLANG_WARN_SUSPICIOUS_MOVE = YES;
				CLANG_WARN_UNGUARDED_AVAILABILITY = YES_AGGRESSIVE;
				CLANG_WARN_UNREACHABLE_CODE = YES;
				CLANG_WARN__DUPLICATE_METHOD_MATCH = YES;
				COPY_PHASE_STRIP = NO;
				DEBUG_INFORMATION_FORMAT = dwarf;
				DEVELOPMENT_TEAM = 65V7ZCL579;
				ENABLE_STRICT_OBJC_MSGSEND = YES;
				ENABLE_TESTABILITY = YES;
				GCC_C_LANGUAGE_STANDARD = gnu11;
				GCC_DYNAMIC_NO_PIC = NO;
				GCC_NO_COMMON_BLOCKS = YES;
				GCC_OPTIMIZATION_LEVEL = 0;
				GCC_PREPROCESSOR_DEFINITIONS = (
					"$(inherited)",
					"DEBUG=1",
				);
				GCC_WARN_64_TO_32_BIT_CONVERSION = YES;
				GCC_WARN_ABOUT_RETURN_TYPE = YES_ERROR;
				GCC_WARN_UNDECLARED_SELECTOR = YES;
				GCC_WARN_UNINITIALIZED_AUTOS = YES_AGGRESSIVE;
				GCC_WARN_UNUSED_FUNCTION = YES;
				GCC_WARN_UNUSED_VARIABLE = YES;
				IPHONEOS_DEPLOYMENT_TARGET = 17.0;
				MTL_ENABLE_DEBUG_INFO = INCLUDE_SOURCE;
				MTL_FAST_MATH = YES;
				ONLY_ACTIVE_ARCH = YES;
				PRODUCT_NAME = "$(TARGET_NAME)";
				SWIFT_ACTIVE_COMPILATION_CONDITIONS = DEBUG;
				SWIFT_OPTIMIZATION_LEVEL = "-Onone";
				SWIFT_VERSION = 5;
				WATCHOS_DEPLOYMENT_TARGET = 10.0;
			};
			name = Debug;
		};
/* End XCBuildConfiguration section */

/* Begin XCConfigurationList section */
		2FF867C248BD7C748BD28081 /* Build configuration list for PBXNativeTarget "BeamChaserWatch" */ = {
			isa = XCConfigurationList;
			buildConfigurations = (
				4B85F09BDD65C6EFE588DE88 /* Debug */,
				C78C7551AB8C97E84D98E16E /* Release */,
			);
			defaultConfigurationIsVisible = 0;
			defaultConfigurationName = Debug;
		};
		7891F6C338F7B1BC442C870C /* Build configuration list for PBXNativeTarget "BeamChaser" */ = {
			isa = XCConfigurationList;
			buildConfigurations = (
				2A80C0471EA77953AF4CB429 /* Debug */,
				5F0B0A7FB3C04FCDEA240B87 /* Release */,
			);
			defaultConfigurationIsVisible = 0;
			defaultConfigurationName = Debug;
		};
		EDC8033F3C6C14347E8A5298 /* Build configuration list for PBXProject "BeamChaser" */ = {
			isa = XCConfigurationList;
			buildConfigurations = (
				EA664DC8B5F8F7BC78212464 /* Debug */,
				7CB2B48C6A30CCEB0DCE6551 /* Release */,
			);
			defaultConfigurationIsVisible = 0;
			defaultConfigurationName = Debug;
		};
/* End XCConfigurationList section */

/* Begin XCRemoteSwiftPackageReference section */
		0083E9F08AAA105F7DBC30B8 /* XCRemoteSwiftPackageReference "firebase-ios-sdk" */ = {
			isa = XCRemoteSwiftPackageReference;
			repositoryURL = "https://github.com/firebase/firebase-ios-sdk.git";
			requirement = {
				kind = exactVersion;
				version = 11.6.0;
			};
		};
		A0258550E9135F4BE845E1D3 /* XCRemoteSwiftPackageReference "GoogleSignIn-iOS" */ = {
			isa = XCRemoteSwiftPackageReference;
			repositoryURL = "https://github.com/google/GoogleSignIn-iOS";
			requirement = {
				kind = upToNextMajorVersion;
				minimumVersion = 8.0.0;
			};
		};
/* End XCRemoteSwiftPackageReference section */

/* Begin XCSwiftPackageProductDependency section */
		2980F47B272DCFD0C2CB786A /* FirebaseStorage */ = {
			isa = XCSwiftPackageProductDependency;
			package = 0083E9F08AAA105F7DBC30B8 /* XCRemoteSwiftPackageReference "firebase-ios-sdk" */;
			productName = FirebaseStorage;
		};
		4D15AB75CE6E12A4BD371CC8 /* GoogleSignIn */ = {
			isa = XCSwiftPackageProductDependency;
			package = A0258550E9135F4BE845E1D3 /* XCRemoteSwiftPackageReference "GoogleSignIn-iOS" */;
			productName = GoogleSignIn;
		};
		98EF4C45B72FF147649958AF /* FirebaseCore */ = {
			isa = XCSwiftPackageProductDependency;
			package = 0083E9F08AAA105F7DBC30B8 /* XCRemoteSwiftPackageReference "firebase-ios-sdk" */;
			productName = FirebaseCore;
		};
		9F7182B188F7846BA612A79D /* FirebaseFirestore */ = {
			isa = XCSwiftPackageProductDependency;
			package = 0083E9F08AAA105F7DBC30B8 /* XCRemoteSwiftPackageReference "firebase-ios-sdk" */;
			productName = FirebaseFirestore;
		};
		A54D2F3EBD98692AEE0DC617 /* FirebaseAuth */ = {
			isa = XCSwiftPackageProductDependency;
			package = 0083E9F08AAA105F7DBC30B8 /* XCRemoteSwiftPackageReference "firebase-ios-sdk" */;
			productName = FirebaseAuth;
		};
/* End XCSwiftPackageProductDependency section */
	};
	rootObject = 2250900684696F74D0947CFC /* Project object */;
}
